// !$*UTF8*$!
{
	archiveVersion = 1;
	classes = {
	};
	objectVersion = 50;
	objects = {

/* Begin PBXBuildFile section */
		67EA346921CB3CC40071C9A2 /* AppDelegate.swift in Sources */ = {isa = PBXBuildFile; fileRef = 67EA346821CB3CC40071C9A2 /* AppDelegate.swift */; };
		67EA346B21CB3CC40071C9A2 /* RootViewController.swift in Sources */ = {isa = PBXBuildFile; fileRef = 67EA346A21CB3CC40071C9A2 /* RootViewController.swift */; };
		67EA346E21CB3CC40071C9A2 /* Main.storyboard in Resources */ = {isa = PBXBuildFile; fileRef = 67EA346C21CB3CC40071C9A2 /* Main.storyboard */; };
		67EA347021CB3CC60071C9A2 /* Assets.xcassets in Resources */ = {isa = PBXBuildFile; fileRef = 67EA346F21CB3CC60071C9A2 /* Assets.xcassets */; };
		67EA347321CB3CC60071C9A2 /* LaunchScreen.storyboard in Resources */ = {isa = PBXBuildFile; fileRef = 67EA347121CB3CC60071C9A2 /* LaunchScreen.storyboard */; };
		67EA347E21CB3CC70071C9A2 /* JRouterDemoTests.swift in Sources */ = {isa = PBXBuildFile; fileRef = 67EA347D21CB3CC70071C9A2 /* JRouterDemoTests.swift */; };
		67EA348921CB3CC70071C9A2 /* JRouterDemoUITests.swift in Sources */ = {isa = PBXBuildFile; fileRef = 67EA348821CB3CC70071C9A2 /* JRouterDemoUITests.swift */; };
		67EA349B21CB3E4B0071C9A2 /* Extra.swift in Sources */ = {isa = PBXBuildFile; fileRef = 67EA349A21CB3E4B0071C9A2 /* Extra.swift */; };
		67EA349D21CB42760071C9A2 /* Logger.swift in Sources */ = {isa = PBXBuildFile; fileRef = 67EA349C21CB42760071C9A2 /* Logger.swift */; };
		67EA349F21CB679B0071C9A2 /* JRouter.swift in Sources */ = {isa = PBXBuildFile; fileRef = 67EA349E21CB679B0071C9A2 /* JRouter.swift */; };
		67EA34A121CB67FA0071C9A2 /* Utils.swift in Sources */ = {isa = PBXBuildFile; fileRef = 67EA34A021CB67FA0071C9A2 /* Utils.swift */; };
		67EA34A321CB7B7F0071C9A2 /* RouterPagerAgreement.swift in Sources */ = {isa = PBXBuildFile; fileRef = 67EA34A221CB7B7F0071C9A2 /* RouterPagerAgreement.swift */; };
		67EA34A521CB7C060071C9A2 /* RouterInterceptor.swift in Sources */ = {isa = PBXBuildFile; fileRef = 67EA34A421CB7C060071C9A2 /* RouterInterceptor.swift */; };
		67EA34A721CB7C280071C9A2 /* RouterPathHandle.swift in Sources */ = {isa = PBXBuildFile; fileRef = 67EA34A621CB7C280071C9A2 /* RouterPathHandle.swift */; };
		67EA34A921CB7C320071C9A2 /* RouterPathInjecter.swift in Sources */ = {isa = PBXBuildFile; fileRef = 67EA34A821CB7C320071C9A2 /* RouterPathInjecter.swift */; };
		67EA34AB21CB80250071C9A2 /* TestRouterInterceptor.swift in Sources */ = {isa = PBXBuildFile; fileRef = 67EA34AA21CB80250071C9A2 /* TestRouterInterceptor.swift */; };
		67EA34AD21CB80360071C9A2 /* TestPathInjecter.swift in Sources */ = {isa = PBXBuildFile; fileRef = 67EA34AC21CB80360071C9A2 /* TestPathInjecter.swift */; };
		67EA34AF21CB804E0071C9A2 /* TestPathHandle.swift in Sources */ = {isa = PBXBuildFile; fileRef = 67EA34AE21CB804E0071C9A2 /* TestPathHandle.swift */; };
		67EA34B121CB80860071C9A2 /* JRouterPathType.swift in Sources */ = {isa = PBXBuildFile; fileRef = 67EA34B021CB80860071C9A2 /* JRouterPathType.swift */; };
		67EA34B321CB81080071C9A2 /* JRouterExtend.swift in Sources */ = {isa = PBXBuildFile; fileRef = 67EA34B221CB81080071C9A2 /* JRouterExtend.swift */; };
		67EA34B521CB87970071C9A2 /* ViewExtend.swift in Sources */ = {isa = PBXBuildFile; fileRef = 67EA34B421CB87970071C9A2 /* ViewExtend.swift */; };
		67EA34B821CB8A0B0071C9A2 /* RouterPagerDictionary.swift in Sources */ = {isa = PBXBuildFile; fileRef = 67EA34B721CB8A0B0071C9A2 /* RouterPagerDictionary.swift */; };
		67EA34BA21CBA1C40071C9A2 /* JRouterLoggerProxy.swift in Sources */ = {isa = PBXBuildFile; fileRef = 67EA34B921CBA1C40071C9A2 /* JRouterLoggerProxy.swift */; };
/* End PBXBuildFile section */

/* Begin PBXContainerItemProxy section */
		67EA347A21CB3CC70071C9A2 /* PBXContainerItemProxy */ = {
			isa = PBXContainerItemProxy;
			containerPortal = 67EA345D21CB3CC40071C9A2 /* Project object */;
			proxyType = 1;
			remoteGlobalIDString = 67EA346421CB3CC40071C9A2;
			remoteInfo = JRouterDemo;
		};
		67EA348521CB3CC70071C9A2 /* PBXContainerItemProxy */ = {
			isa = PBXContainerItemProxy;
			containerPortal = 67EA345D21CB3CC40071C9A2 /* Project object */;
			proxyType = 1;
			remoteGlobalIDString = 67EA346421CB3CC40071C9A2;
			remoteInfo = JRouterDemo;
		};
/* End PBXContainerItemProxy section */

/* Begin PBXFileReference section */
		67EA346521CB3CC40071C9A2 /* JRouterDemo.app */ = {isa = PBXFileReference; explicitFileType = wrapper.application; includeInIndex = 0; path = JRouterDemo.app; sourceTree = BUILT_PRODUCTS_DIR; };
		67EA346821CB3CC40071C9A2 /* AppDelegate.swift */ = {isa = PBXFileReference; lastKnownFileType = sourcecode.swift; path = AppDelegate.swift; sourceTree = "<group>"; };
		67EA346A21CB3CC40071C9A2 /* RootViewController.swift */ = {isa = PBXFileReference; lastKnownFileType = sourcecode.swift; path = RootViewController.swift; sourceTree = "<group>"; };
		67EA346D21CB3CC40071C9A2 /* Base */ = {isa = PBXFileReference; lastKnownFileType = file.storyboard; name = Base; path = Base.lproj/Main.storyboard; sourceTree = "<group>"; };
		67EA346F21CB3CC60071C9A2 /* Assets.xcassets */ = {isa = PBXFileReference; lastKnownFileType = folder.assetcatalog; path = Assets.xcassets; sourceTree = "<group>"; };
		67EA347221CB3CC60071C9A2 /* Base */ = {isa = PBXFileReference; lastKnownFileType = file.storyboard; name = Base; path = Base.lproj/LaunchScreen.storyboard; sourceTree = "<group>"; };
		67EA347421CB3CC60071C9A2 /* Info.plist */ = {isa = PBXFileReference; lastKnownFileType = text.plist.xml; path = Info.plist; sourceTree = "<group>"; };
		67EA347921CB3CC70071C9A2 /* JRouterDemoTests.xctest */ = {isa = PBXFileReference; explicitFileType = wrapper.cfbundle; includeInIndex = 0; path = JRouterDemoTests.xctest; sourceTree = BUILT_PRODUCTS_DIR; };
		67EA347D21CB3CC70071C9A2 /* JRouterDemoTests.swift */ = {isa = PBXFileReference; lastKnownFileType = sourcecode.swift; path = JRouterDemoTests.swift; sourceTree = "<group>"; };
		67EA347F21CB3CC70071C9A2 /* Info.plist */ = {isa = PBXFileReference; lastKnownFileType = text.plist.xml; path = Info.plist; sourceTree = "<group>"; };
		67EA348421CB3CC70071C9A2 /* JRouterDemoUITests.xctest */ = {isa = PBXFileReference; explicitFileType = wrapper.cfbundle; includeInIndex = 0; path = JRouterDemoUITests.xctest; sourceTree = BUILT_PRODUCTS_DIR; };
		67EA348821CB3CC70071C9A2 /* JRouterDemoUITests.swift */ = {isa = PBXFileReference; lastKnownFileType = sourcecode.swift; path = JRouterDemoUITests.swift; sourceTree = "<group>"; };
		67EA348A21CB3CC70071C9A2 /* Info.plist */ = {isa = PBXFileReference; lastKnownFileType = text.plist.xml; path = Info.plist; sourceTree = "<group>"; };
		67EA349A21CB3E4B0071C9A2 /* Extra.swift */ = {isa = PBXFileReference; lastKnownFileType = sourcecode.swift; path = Extra.swift; sourceTree = "<group>"; };
		67EA349C21CB42760071C9A2 /* Logger.swift */ = {isa = PBXFileReference; lastKnownFileType = sourcecode.swift; path = Logger.swift; sourceTree = "<group>"; };
		67EA349E21CB679B0071C9A2 /* JRouter.swift */ = {isa = PBXFileReference; lastKnownFileType = sourcecode.swift; path = JRouter.swift; sourceTree = "<group>"; };
		67EA34A021CB67FA0071C9A2 /* Utils.swift */ = {isa = PBXFileReference; lastKnownFileType = sourcecode.swift; path = Utils.swift; sourceTree = "<group>"; };
		67EA34A221CB7B7F0071C9A2 /* RouterPagerAgreement.swift */ = {isa = PBXFileReference; lastKnownFileType = sourcecode.swift; path = RouterPagerAgreement.swift; sourceTree = "<group>"; };
		67EA34A421CB7C060071C9A2 /* RouterInterceptor.swift */ = {isa = PBXFileReference; lastKnownFileType = sourcecode.swift; path = RouterInterceptor.swift; sourceTree = "<group>"; };
		67EA34A621CB7C280071C9A2 /* RouterPathHandle.swift */ = {isa = PBXFileReference; lastKnownFileType = sourcecode.swift; path = RouterPathHandle.swift; sourceTree = "<group>"; };
		67EA34A821CB7C320071C9A2 /* RouterPathInjecter.swift */ = {isa = PBXFileReference; lastKnownFileType = sourcecode.swift; path = RouterPathInjecter.swift; sourceTree = "<group>"; };
		67EA34AA21CB80250071C9A2 /* TestRouterInterceptor.swift */ = {isa = PBXFileReference; lastKnownFileType = sourcecode.swift; path = TestRouterInterceptor.swift; sourceTree = "<group>"; };
		67EA34AC21CB80360071C9A2 /* TestPathInjecter.swift */ = {isa = PBXFileReference; lastKnownFileType = sourcecode.swift; path = TestPathInjecter.swift; sourceTree = "<group>"; };
		67EA34AE21CB804E0071C9A2 /* TestPathHandle.swift */ = {isa = PBXFileReference; lastKnownFileType = sourcecode.swift; path = TestPathHandle.swift; sourceTree = "<group>"; };
		67EA34B021CB80860071C9A2 /* JRouterPathType.swift */ = {isa = PBXFileReference; lastKnownFileType = sourcecode.swift; path = JRouterPathType.swift; sourceTree = "<group>"; };
		67EA34B221CB81080071C9A2 /* JRouterExtend.swift */ = {isa = PBXFileReference; lastKnownFileType = sourcecode.swift; path = JRouterExtend.swift; sourceTree = "<group>"; };
		67EA34B421CB87970071C9A2 /* ViewExtend.swift */ = {isa = PBXFileReference; lastKnownFileType = sourcecode.swift; path = ViewExtend.swift; sourceTree = "<group>"; };
		67EA34B721CB8A0B0071C9A2 /* RouterPagerDictionary.swift */ = {isa = PBXFileReference; lastKnownFileType = sourcecode.swift; path = RouterPagerDictionary.swift; sourceTree = "<group>"; };
		67EA34B921CBA1C40071C9A2 /* JRouterLoggerProxy.swift */ = {isa = PBXFileReference; lastKnownFileType = sourcecode.swift; path = JRouterLoggerProxy.swift; sourceTree = "<group>"; };
/* End PBXFileReference section */

/* Begin PBXFrameworksBuildPhase section */
		67EA346221CB3CC40071C9A2 /* Frameworks */ = {
			isa = PBXFrameworksBuildPhase;
			buildActionMask = 2147483647;
			files = (
			);
			runOnlyForDeploymentPostprocessing = 0;
		};
		67EA347621CB3CC70071C9A2 /* Frameworks */ = {
			isa = PBXFrameworksBuildPhase;
			buildActionMask = 2147483647;
			files = (
			);
			runOnlyForDeploymentPostprocessing = 0;
		};
		67EA348121CB3CC70071C9A2 /* Frameworks */ = {
			isa = PBXFrameworksBuildPhase;
			buildActionMask = 2147483647;
			files = (
			);
			runOnlyForDeploymentPostprocessing = 0;
		};
/* End PBXFrameworksBuildPhase section */

/* Begin PBXGroup section */
		67EA345C21CB3CC40071C9A2 = {
			isa = PBXGroup;
			children = (
				67EA346721CB3CC40071C9A2 /* JRouterDemo */,
				67EA347C21CB3CC70071C9A2 /* JRouterDemoTests */,
				67EA348721CB3CC70071C9A2 /* JRouterDemoUITests */,
				67EA346621CB3CC40071C9A2 /* Products */,
			);
			sourceTree = "<group>";
		};
		67EA346621CB3CC40071C9A2 /* Products */ = {
			isa = PBXGroup;
			children = (
				67EA346521CB3CC40071C9A2 /* JRouterDemo.app */,
				67EA347921CB3CC70071C9A2 /* JRouterDemoTests.xctest */,
				67EA348421CB3CC70071C9A2 /* JRouterDemoUITests.xctest */,
			);
			name = Products;
			sourceTree = "<group>";
		};
		67EA346721CB3CC40071C9A2 /* JRouterDemo */ = {
			isa = PBXGroup;
			children = (
				67EA34B621CB88990071C9A2 /* Logger */,
				67EA349921CB3D380071C9A2 /* Other */,
				67EA349721CB3CEB0071C9A2 /* Demo */,
				67EA349621CB3CE30071C9A2 /* JRouter */,
			);
			path = JRouterDemo;
			sourceTree = "<group>";
		};
		67EA347C21CB3CC70071C9A2 /* JRouterDemoTests */ = {
			isa = PBXGroup;
			children = (
				67EA347D21CB3CC70071C9A2 /* JRouterDemoTests.swift */,
				67EA347F21CB3CC70071C9A2 /* Info.plist */,
			);
			path = JRouterDemoTests;
			sourceTree = "<group>";
		};
		67EA348721CB3CC70071C9A2 /* JRouterDemoUITests */ = {
			isa = PBXGroup;
			children = (
				67EA348821CB3CC70071C9A2 /* JRouterDemoUITests.swift */,
				67EA348A21CB3CC70071C9A2 /* Info.plist */,
			);
			path = JRouterDemoUITests;
			sourceTree = "<group>";
		};
		67EA349621CB3CE30071C9A2 /* JRouter */ = {
			isa = PBXGroup;
			children = (
				67EA349A21CB3E4B0071C9A2 /* Extra.swift */,
				67EA349E21CB679B0071C9A2 /* JRouter.swift */,
				67EA34A021CB67FA0071C9A2 /* Utils.swift */,
				67EA34A221CB7B7F0071C9A2 /* RouterPagerAgreement.swift */,
				67EA34A421CB7C060071C9A2 /* RouterInterceptor.swift */,
				67EA34A621CB7C280071C9A2 /* RouterPathHandle.swift */,
				67EA34A821CB7C320071C9A2 /* RouterPathInjecter.swift */,
				67EA34B721CB8A0B0071C9A2 /* RouterPagerDictionary.swift */,
				67EA34B921CBA1C40071C9A2 /* JRouterLoggerProxy.swift */,
			);
			path = JRouter;
			sourceTree = "<group>";
		};
		67EA349721CB3CEB0071C9A2 /* Demo */ = {
			isa = PBXGroup;
			children = (
				67EA346821CB3CC40071C9A2 /* AppDelegate.swift */,
				67EA346A21CB3CC40071C9A2 /* RootViewController.swift */,
				67EA34AA21CB80250071C9A2 /* TestRouterInterceptor.swift */,
				67EA34AC21CB80360071C9A2 /* TestPathInjecter.swift */,
				67EA34AE21CB804E0071C9A2 /* TestPathHandle.swift */,
				67EA34B021CB80860071C9A2 /* JRouterPathType.swift */,
				67EA34B221CB81080071C9A2 /* JRouterExtend.swift */,
				67EA34B421CB87970071C9A2 /* ViewExtend.swift */,
			);
			path = Demo;
			sourceTree = "<group>";
		};
		67EA349921CB3D380071C9A2 /* Other */ = {
			isa = PBXGroup;
			children = (
				67EA346C21CB3CC40071C9A2 /* Main.storyboard */,
				67EA346F21CB3CC60071C9A2 /* Assets.xcassets */,
				67EA347121CB3CC60071C9A2 /* LaunchScreen.storyboard */,
				67EA347421CB3CC60071C9A2 /* Info.plist */,
			);
			name = Other;
			sourceTree = "<group>";
		};
		67EA34B621CB88990071C9A2 /* Logger */ = {
			isa = PBXGroup;
			children = (
				67EA349C21CB42760071C9A2 /* Logger.swift */,
			);
			path = Logger;
			sourceTree = "<group>";
		};
/* End PBXGroup section */

/* Begin PBXNativeTarget section */
		67EA346421CB3CC40071C9A2 /* JRouterDemo */ = {
			isa = PBXNativeTarget;
			buildConfigurationList = 67EA348D21CB3CC70071C9A2 /* Build configuration list for PBXNativeTarget "JRouterDemo" */;
			buildPhases = (
				67EA346121CB3CC40071C9A2 /* Sources */,
				67EA346221CB3CC40071C9A2 /* Frameworks */,
				67EA346321CB3CC40071C9A2 /* Resources */,
			);
			buildRules = (
			);
			dependencies = (
			);
			name = JRouterDemo;
			productName = JRouterDemo;
			productReference = 67EA346521CB3CC40071C9A2 /* JRouterDemo.app */;
			productType = "com.apple.product-type.application";
		};
		67EA347821CB3CC70071C9A2 /* JRouterDemoTests */ = {
			isa = PBXNativeTarget;
			buildConfigurationList = 67EA349021CB3CC70071C9A2 /* Build configuration list for PBXNativeTarget "JRouterDemoTests" */;
			buildPhases = (
				67EA347521CB3CC70071C9A2 /* Sources */,
				67EA347621CB3CC70071C9A2 /* Frameworks */,
				67EA347721CB3CC70071C9A2 /* Resources */,
			);
			buildRules = (
			);
			dependencies = (
				67EA347B21CB3CC70071C9A2 /* PBXTargetDependency */,
			);
			name = JRouterDemoTests;
			productName = JRouterDemoTests;
			productReference = 67EA347921CB3CC70071C9A2 /* JRouterDemoTests.xctest */;
			productType = "com.apple.product-type.bundle.unit-test";
		};
		67EA348321CB3CC70071C9A2 /* JRouterDemoUITests */ = {
			isa = PBXNativeTarget;
			buildConfigurationList = 67EA349321CB3CC70071C9A2 /* Build configuration list for PBXNativeTarget "JRouterDemoUITests" */;
			buildPhases = (
				67EA348021CB3CC70071C9A2 /* Sources */,
				67EA348121CB3CC70071C9A2 /* Frameworks */,
				67EA348221CB3CC70071C9A2 /* Resources */,
			);
			buildRules = (
			);
			dependencies = (
				67EA348621CB3CC70071C9A2 /* PBXTargetDependency */,
			);
			name = JRouterDemoUITests;
			productName = JRouterDemoUITests;
			productReference = 67EA348421CB3CC70071C9A2 /* JRouterDemoUITests.xctest */;
			productType = "com.apple.product-type.bundle.ui-testing";
		};
/* End PBXNativeTarget section */

/* Begin PBXProject section */
		67EA345D21CB3CC40071C9A2 /* Project object */ = {
			isa = PBXProject;
			attributes = {
				LastSwiftUpdateCheck = 1010;
				LastUpgradeCheck = 1010;
				ORGANIZATIONNAME = Parrot;
				TargetAttributes = {
					67EA346421CB3CC40071C9A2 = {
						CreatedOnToolsVersion = 10.1;
					};
					67EA347821CB3CC70071C9A2 = {
						CreatedOnToolsVersion = 10.1;
						TestTargetID = 67EA346421CB3CC40071C9A2;
					};
					67EA348321CB3CC70071C9A2 = {
						CreatedOnToolsVersion = 10.1;
						TestTargetID = 67EA346421CB3CC40071C9A2;
					};
				};
			};
			buildConfigurationList = 67EA346021CB3CC40071C9A2 /* Build configuration list for PBXProject "JRouterDemo" */;
			compatibilityVersion = "Xcode 9.3";
			developmentRegion = en;
			hasScannedForEncodings = 0;
			knownRegions = (
				en,
				Base,
			);
			mainGroup = 67EA345C21CB3CC40071C9A2;
			productRefGroup = 67EA346621CB3CC40071C9A2 /* Products */;
			projectDirPath = "";
			projectRoot = "";
			targets = (
				67EA346421CB3CC40071C9A2 /* JRouterDemo */,
				67EA347821CB3CC70071C9A2 /* JRouterDemoTests */,
				67EA348321CB3CC70071C9A2 /* JRouterDemoUITests */,
			);
		};
/* End PBXProject section */

/* Begin PBXResourcesBuildPhase section */
		67EA346321CB3CC40071C9A2 /* Resources */ = {
			isa = PBXResourcesBuildPhase;
			buildActionMask = 2147483647;
			files = (
				67EA347321CB3CC60071C9A2 /* LaunchScreen.storyboard in Resources */,
				67EA347021CB3CC60071C9A2 /* Assets.xcassets in Resources */,
				67EA346E21CB3CC40071C9A2 /* Main.storyboard in Resources */,
			);
			runOnlyForDeploymentPostprocessing = 0;
		};
		67EA347721CB3CC70071C9A2 /* Resources */ = {
			isa = PBXResourcesBuildPhase;
			buildActionMask = 2147483647;
			files = (
			);
			runOnlyForDeploymentPostprocessing = 0;
		};
		67EA348221CB3CC70071C9A2 /* Resources */ = {
			isa = PBXResourcesBuildPhase;
			buildActionMask = 2147483647;
			files = (
			);
			runOnlyForDeploymentPostprocessing = 0;
		};
/* End PBXResourcesBuildPhase section */

/* Begin PBXSourcesBuildPhase section */
		67EA346121CB3CC40071C9A2 /* Sources */ = {
			isa = PBXSourcesBuildPhase;
			buildActionMask = 2147483647;
			files = (
				67EA34B321CB81080071C9A2 /* JRouterExtend.swift in Sources */,
				67EA346B21CB3CC40071C9A2 /* RootViewController.swift in Sources */,
				67EA34A721CB7C280071C9A2 /* RouterPathHandle.swift in Sources */,
				67EA346921CB3CC40071C9A2 /* AppDelegate.swift in Sources */,
				67EA34A521CB7C060071C9A2 /* RouterInterceptor.swift in Sources */,
				67EA349F21CB679B0071C9A2 /* JRouter.swift in Sources */,
				67EA349B21CB3E4B0071C9A2 /* Extra.swift in Sources */,
				67EA349D21CB42760071C9A2 /* Logger.swift in Sources */,
				67EA34AF21CB804E0071C9A2 /* TestPathHandle.swift in Sources */,
				67EA34B121CB80860071C9A2 /* JRouterPathType.swift in Sources */,
				67EA34A921CB7C320071C9A2 /* RouterPathInjecter.swift in Sources */,
				67EA34AB21CB80250071C9A2 /* TestRouterInterceptor.swift in Sources */,
				67EA34BA21CBA1C40071C9A2 /* JRouterLoggerProxy.swift in Sources */,
				67EA34A121CB67FA0071C9A2 /* Utils.swift in Sources */,
				67EA34AD21CB80360071C9A2 /* TestPathInjecter.swift in Sources */,
				67EA34B821CB8A0B0071C9A2 /* RouterPagerDictionary.swift in Sources */,
				67EA34B521CB87970071C9A2 /* ViewExtend.swift in Sources */,
				67EA34A321CB7B7F0071C9A2 /* RouterPagerAgreement.swift in Sources */,
			);
			runOnlyForDeploymentPostprocessing = 0;
		};
		67EA347521CB3CC70071C9A2 /* Sources */ = {
			isa = PBXSourcesBuildPhase;
			buildActionMask = 2147483647;
			files = (
				67EA347E21CB3CC70071C9A2 /* JRouterDemoTests.swift in Sources */,
			);
			runOnlyForDeploymentPostprocessing = 0;
		};
		67EA348021CB3CC70071C9A2 /* Sources */ = {
			isa = PBXSourcesBuildPhase;
			buildActionMask = 2147483647;
			files = (
				67EA348921CB3CC70071C9A2 /* JRouterDemoUITests.swift in Sources */,
			);
			runOnlyForDeploymentPostprocessing = 0;
		};
/* End PBXSourcesBuildPhase section */

/* Begin PBXTargetDependency section */
		67EA347B21CB3CC70071C9A2 /* PBXTargetDependency */ = {
			isa = PBXTargetDependency;
			target = 67EA346421CB3CC40071C9A2 /* JRouterDemo */;
			targetProxy = 67EA347A21CB3CC70071C9A2 /* PBXContainerItemProxy */;
		};
		67EA348621CB3CC70071C9A2 /* PBXTargetDependency */ = {
			isa = PBXTargetDependency;
			target = 67EA346421CB3CC40071C9A2 /* JRouterDemo */;
			targetProxy = 67EA348521CB3CC70071C9A2 /* PBXContainerItemProxy */;
		};
/* End PBXTargetDependency section */

/* Begin PBXVariantGroup section */
		67EA346C21CB3CC40071C9A2 /* Main.storyboard */ = {
			isa = PBXVariantGroup;
			children = (
				67EA346D21CB3CC40071C9A2 /* Base */,
			);
			name = Main.storyboard;
			sourceTree = "<group>";
		};
		67EA347121CB3CC60071C9A2 /* LaunchScreen.storyboard */ = {
			isa = PBXVariantGroup;
			children = (
				67EA347221CB3CC60071C9A2 /* Base */,
			);
			name = LaunchScreen.storyboard;
			sourceTree = "<group>";
		};
/* End PBXVariantGroup section */

/* Begin XCBuildConfiguration section */
		67EA348B21CB3CC70071C9A2 /* Debug */ = {
			isa = XCBuildConfiguration;
			buildSettings = {
				ALWAYS_SEARCH_USER_PATHS = NO;
				CLANG_ANALYZER_NONNULL = YES;
				CLANG_ANALYZER_NUMBER_OBJECT_CONVERSION = YES_AGGRESSIVE;
				CLANG_CXX_LANGUAGE_STANDARD = "gnu++14";
				CLANG_CXX_LIBRARY = "libc++";
				CLANG_ENABLE_MODULES = YES;
				CLANG_ENABLE_OBJC_ARC = YES;
				CLANG_ENABLE_OBJC_WEAK = YES;
				CLANG_WARN_BLOCK_CAPTURE_AUTORELEASING = YES;
				CLANG_WARN_BOOL_CONVERSION = YES;
				CLANG_WARN_COMMA = YES;
				CLANG_WARN_CONSTANT_CONVERSION = YES;
				CLANG_WARN_DEPRECATED_OBJC_IMPLEMENTATIONS = YES;
				CLANG_WARN_DIRECT_OBJC_ISA_USAGE = YES_ERROR;
				CLANG_WARN_DOCUMENTATION_COMMENTS = YES;
				CLANG_WARN_EMPTY_BODY = YES;
				CLANG_WARN_ENUM_CONVERSION = YES;
				CLANG_WARN_INFINITE_RECURSION = YES;
				CLANG_WARN_INT_CONVERSION = YES;
				CLANG_WARN_NON_LITERAL_NULL_CONVERSION = YES;
				CLANG_WARN_OBJC_IMPLICIT_RETAIN_SELF = YES;
				CLANG_WARN_OBJC_LITERAL_CONVERSION = YES;
				CLANG_WARN_OBJC_ROOT_CLASS = YES_ERROR;
				CLANG_WARN_RANGE_LOOP_ANALYSIS = YES;
				CLANG_WARN_STRICT_PROTOTYPES = YES;
				CLANG_WARN_SUSPICIOUS_MOVE = YES;
				CLANG_WARN_UNGUARDED_AVAILABILITY = YES_AGGRESSIVE;
				CLANG_WARN_UNREACHABLE_CODE = YES;
				CLANG_WARN__DUPLICATE_METHOD_MATCH = YES;
				CODE_SIGN_IDENTITY = "iPhone Developer";
				COPY_PHASE_STRIP = NO;
				DEBUG_INFORMATION_FORMAT = dwarf;
				ENABLE_STRICT_OBJC_MSGSEND = YES;
				ENABLE_TESTABILITY = YES;
				GCC_C_LANGUAGE_STANDARD = gnu11;
				GCC_DYNAMIC_NO_PIC = NO;
				GCC_NO_COMMON_BLOCKS = YES;
				GCC_OPTIMIZATION_LEVEL = 0;
				GCC_PREPROCESSOR_DEFINITIONS = (
					"DEBUG=1",
					"$(inherited)",
				);
				GCC_WARN_64_TO_32_BIT_CONVERSION = YES;
				GCC_WARN_ABOUT_RETURN_TYPE = YES_ERROR;
				GCC_WARN_UNDECLARED_SELECTOR = YES;
				GCC_WARN_UNINITIALIZED_AUTOS = YES_AGGRESSIVE;
				GCC_WARN_UNUSED_FUNCTION = YES;
				GCC_WARN_UNUSED_VARIABLE = YES;
				IPHONEOS_DEPLOYMENT_TARGET = 12.1;
				MTL_ENABLE_DEBUG_INFO = INCLUDE_SOURCE;
				MTL_FAST_MATH = YES;
				ONLY_ACTIVE_ARCH = YES;
				SDKROOT = iphoneos;
				SWIFT_ACTIVE_COMPILATION_CONDITIONS = DEBUG;
				SWIFT_OPTIMIZATION_LEVEL = "-Onone";
			};
			name = Debug;
		};
		67EA348C21CB3CC70071C9A2 /* Release */ = {
			isa = XCBuildConfiguration;
			buildSettings = {
				ALWAYS_SEARCH_USER_PATHS = NO;
				CLANG_ANALYZER_NONNULL = YES;
				CLANG_ANALYZER_NUMBER_OBJECT_CONVERSION = YES_AGGRESSIVE;
				CLANG_CXX_LANGUAGE_STANDARD = "gnu++14";
				CLANG_CXX_LIBRARY = "libc++";
				CLANG_ENABLE_MODULES = YES;
				CLANG_ENABLE_OBJC_ARC = YES;
				CLANG_ENABLE_OBJC_WEAK = YES;
				CLANG_WARN_BLOCK_CAPTURE_AUTORELEASING = YES;
				CLANG_WARN_BOOL_CONVERSION = YES;
				CLANG_WARN_COMMA = YES;
				CLANG_WARN_CONSTANT_CONVERSION = YES;
				CLANG_WARN_DEPRECATED_OBJC_IMPLEMENTATIONS = YES;
				CLANG_WARN_DIRECT_OBJC_ISA_USAGE = YES_ERROR;
				CLANG_WARN_DOCUMENTATION_COMMENTS = YES;
				CLANG_WARN_EMPTY_BODY = YES;
				CLANG_WARN_ENUM_CONVERSION = YES;
				CLANG_WARN_INFINITE_RECURSION = YES;
				CLANG_WARN_INT_CONVERSION = YES;
				CLANG_WARN_NON_LITERAL_NULL_CONVERSION = YES;
				CLANG_WARN_OBJC_IMPLICIT_RETAIN_SELF = YES;
				CLANG_WARN_OBJC_LITERAL_CONVERSION = YES;
				CLANG_WARN_OBJC_ROOT_CLASS = YES_ERROR;
				CLANG_WARN_RANGE_LOOP_ANALYSIS = YES;
				CLANG_WARN_STRICT_PROTOTYPES = YES;
				CLANG_WARN_SUSPICIOUS_MOVE = YES;
				CLANG_WARN_UNGUARDED_AVAILABILITY = YES_AGGRESSIVE;
				CLANG_WARN_UNREACHABLE_CODE = YES;
				CLANG_WARN__DUPLICATE_METHOD_MATCH = YES;
				CODE_SIGN_IDENTITY = "iPhone Developer";
				COPY_PHASE_STRIP = NO;
				DEBUG_INFORMATION_FORMAT = "dwarf-with-dsym";
				ENABLE_NS_ASSERTIONS = NO;
				ENABLE_STRICT_OBJC_MSGSEND = YES;
				GCC_C_LANGUAGE_STANDARD = gnu11;
				GCC_NO_COMMON_BLOCKS = YES;
				GCC_WARN_64_TO_32_BIT_CONVERSION = YES;
				GCC_WARN_ABOUT_RETURN_TYPE = YES_ERROR;
				GCC_WARN_UNDECLARED_SELECTOR = YES;
				GCC_WARN_UNINITIALIZED_AUTOS = YES_AGGRESSIVE;
				GCC_WARN_UNUSED_FUNCTION = YES;
				GCC_WARN_UNUSED_VARIABLE = YES;
				IPHONEOS_DEPLOYMENT_TARGET = 12.1;
				MTL_ENABLE_DEBUG_INFO = NO;
				MTL_FAST_MATH = YES;
				SDKROOT = iphoneos;
				SWIFT_COMPILATION_MODE = wholemodule;
				SWIFT_OPTIMIZATION_LEVEL = "-O";
				VALIDATE_PRODUCT = YES;
			};
			name = Release;
		};
		67EA348E21CB3CC70071C9A2 /* Debug */ = {
			isa = XCBuildConfiguration;
			buildSettings = {
				ASSETCATALOG_COMPILER_APPICON_NAME = AppIcon;
				CODE_SIGN_STYLE = Automatic;
				DEVELOPMENT_TEAM = H66H84PFH7;
				INFOPLIST_FILE = JRouterDemo/Info.plist;
				IPHONEOS_DEPLOYMENT_TARGET = 9.0;
				LD_RUNPATH_SEARCH_PATHS = (
					"$(inherited)",
					"@executable_path/Frameworks",
				);
				PRODUCT_BUNDLE_IDENTIFIER = com.enation.javashop.jrouter.JRouterDemo;
				PRODUCT_NAME = "$(TARGET_NAME)";
				SWIFT_VERSION = 4.2;
				TARGETED_DEVICE_FAMILY = "1,2";
			};
			name = Debug;
		};
		67EA348F21CB3CC70071C9A2 /* Release */ = {
			isa = XCBuildConfiguration;
			buildSettings = {
				ASSETCATALOG_COMPILER_APPICON_NAME = AppIcon;
				CODE_SIGN_STYLE = Automatic;
				DEVELOPMENT_TEAM = H66H84PFH7;
				INFOPLIST_FILE = JRouterDemo/Info.plist;
				IPHONEOS_DEPLOYMENT_TARGET = 9.0;
				LD_RUNPATH_SEARCH_PATHS = (
					"$(inherited)",
					"@executable_path/Frameworks",
				);
				PRODUCT_BUNDLE_IDENTIFIER = com.enation.javashop.jrouter.JRouterDemo;
				PRODUCT_NAME = "$(TARGET_NAME)";
				SWIFT_VERSION = 4.2;
				TARGETED_DEVICE_FAMILY = "1,2";
			};
			name = Release;
		};
		67EA349121CB3CC70071C9A2 /* Debug */ = {
			isa = XCBuildConfiguration;
			buildSettings = {
				ALWAYS_EMBED_SWIFT_STANDARD_LIBRARIES = YES;
				BUNDLE_LOADER = "$(TEST_HOST)";
				CODE_SIGN_STYLE = Automatic;
				DEVELOPMENT_TEAM = H66H84PFH7;
				INFOPLIST_FILE = JRouterDemoTests/Info.plist;
				LD_RUNPATH_SEARCH_PATHS = (
					"$(inherited)",
					"@executable_path/Frameworks",
					"@loader_path/Frameworks",
				);
				PRODUCT_BUNDLE_IDENTIFIER = com.enation.javashop.jrouter.JRouterDemoTests;
				PRODUCT_NAME = "$(TARGET_NAME)";
				SWIFT_VERSION = 4.2;
				TARGETED_DEVICE_FAMILY = "1,2";
				TEST_HOST = "$(BUILT_PRODUCTS_DIR)/JRouterDemo.app/JRouterDemo";
			};
			name = Debug;
		};
		67EA349221CB3CC70071C9A2 /* Release */ = {
			isa = XCBuildConfiguration;
			buildSettings = {
				ALWAYS_EMBED_SWIFT_STANDARD_LIBRARIES = YES;
				BUNDLE_LOADER = "$(TEST_HOST)";
				CODE_SIGN_STYLE = Automatic;
				DEVELOPMENT_TEAM = H66H84PFH7;
				INFOPLIST_FILE = JRouterDemoTests/Info.plist;
				LD_RUNPATH_SEARCH_PATHS = (
					"$(inherited)",
					"@executable_path/Frameworks",
					"@loader_path/Frameworks",
				);
				PRODUCT_BUNDLE_IDENTIFIER = com.enation.javashop.jrouter.JRouterDemoTests;
				PRODUCT_NAME = "$(TARGET_NAME)";
				SWIFT_VERSION = 4.2;
				TARGETED_DEVICE_FAMILY = "1,2";
				TEST_HOST = "$(BUILT_PRODUCTS_DIR)/JRouterDemo.app/JRouterDemo";
			};
			name = Release;
		};
		67EA349421CB3CC70071C9A2 /* Debug */ = {
			isa = XCBuildConfiguration;
			buildSettings = {
				ALWAYS_EMBED_SWIFT_STANDARD_LIBRARIES = YES;
				CODE_SIGN_STYLE = Automatic;
				DEVELOPMENT_TEAM = H66H84PFH7;
				INFOPLIST_FILE = JRouterDemoUITests/Info.plist;
				LD_RUNPATH_SEARCH_PATHS = (
					"$(inherited)",
					"@executable_path/Frameworks",
					"@loader_path/Frameworks",
				);
				PRODUCT_BUNDLE_IDENTIFIER = com.enation.javashop.jrouter.JRouterDemoUITests;
				PRODUCT_NAME = "$(TARGET_NAME)";
				SWIFT_VERSION = 4.2;
				TARGETED_DEVICE_FAMILY = "1,2";
				TEST_TARGET_NAME = JRouterDemo;
			};
			name = Debug;
		};
		67EA349521CB3CC70071C9A2 /* Release */ = {
			isa = XCBuildConfiguration;
			buildSettings = {
				ALWAYS_EMBED_SWIFT_STANDARD_LIBRARIES = YES;
				CODE_SIGN_STYLE = Automatic;
				DEVELOPMENT_TEAM = H66H84PFH7;
				INFOPLIST_FILE = JRouterDemoUITests/Info.plist;
				LD_RUNPATH_SEARCH_PATHS = (
					"$(inherited)",
					"@executable_path/Frameworks",
					"@loader_path/Frameworks",
				);
				PRODUCT_BUNDLE_IDENTIFIER = com.enation.javashop.jrouter.JRouterDemoUITests;
				PRODUCT_NAME = "$(TARGET_NAME)";
				SWIFT_VERSION = 4.2;
				TARGETED_DEVICE_FAMILY = "1,2";
				TEST_TARGET_NAME = JRouterDemo;
			};
			name = Release;
		};
/* End XCBuildConfiguration section */

/* Begin XCConfigurationList section */
		67EA346021CB3CC40071C9A2 /* Build configuration list for PBXProject "JRouterDemo" */ = {
			isa = XCConfigurationList;
			buildConfigurations = (
				67EA348B21CB3CC70071C9A2 /* Debug */,
				67EA348C21CB3CC70071C9A2 /* Release */,
			);
			defaultConfigurationIsVisible = 0;
			defaultConfigurationName = Release;
		};
		67EA348D21CB3CC70071C9A2 /* Build configuration list for PBXNativeTarget "JRouterDemo" */ = {
			isa = XCConfigurationList;
			buildConfigurations = (
				67EA348E21CB3CC70071C9A2 /* Debug */,
				67EA348F21CB3CC70071C9A2 /* Release */,
			);
			defaultConfigurationIsVisible = 0;
			defaultConfigurationName = Release;
		};
		67EA349021CB3CC70071C9A2 /* Build configuration list for PBXNativeTarget "JRouterDemoTests" */ = {
			isa = XCConfigurationList;
			buildConfigurations = (
				67EA349121CB3CC70071C9A2 /* Debug */,
				67EA349221CB3CC70071C9A2 /* Release */,
			);
			defaultConfigurationIsVisible = 0;
			defaultConfigurationName = Release;
		};
		67EA349321CB3CC70071C9A2 /* Build configuration list for PBXNativeTarget "JRouterDemoUITests" */ = {
			isa = XCConfigurationList;
			buildConfigurations = (
				67EA349421CB3CC70071C9A2 /* Debug */,
				67EA349521CB3CC70071C9A2 /* Release */,
			);
			defaultConfigurationIsVisible = 0;
			defaultConfigurationName = Release;
		};
/* End XCConfigurationList section */
	};
	rootObject = 67EA345D21CB3CC40071C9A2 /* Project object */;
}
